
Microsoft Visual Studio Solution File, Format Version 12.00
# Visual Studio Version 17
VisualStudioVersion = 17.0.31903.59
MinimumVisualStudioVersion = 10.0.40219.1
Project("{2150E333-8FDC-42A3-9474-1A3956D46DE8}") = "src", "src", "{827E0CD3-B72D-47B6-A68D-7590B98EB39B}"
EndProject
Project("{FAE04EC0-301F-11D3-BF4B-00C04F79EFBC}") = "TaskManager.Domain", "src\TaskManager.Domain\TaskManager.Domain.csproj", "{816F9E89-7B12-419C-AD63-2AC83BF7AFF7}"
EndProject
Project("{FAE04EC0-301F-11D3-BF4B-00C04F79EFBC}") = "TaskManager.Application", "src\TaskManager.Application\TaskManager.Application.csproj", "{75ADED46-54DF-4F8F-BA1B-9E64C54AE4DA}"
EndProject
Project("{FAE04EC0-301F-11D3-BF4B-00C04F79EFBC}") = "TaskManager.Infrastructure", "src\TaskManager.Infrastructure\TaskManager.Infrastructure.csproj", "{4B588D65-A6FB-41BC-B983-C9FC17B7B857}"
EndProject
Project("{FAE04EC0-301F-11D3-BF4B-00C04F79EFBC}") = "TaskManager.Api", "src\TaskManager.Api\TaskManager.Api.csproj", "{C9253003-DBE7-4FA0-AAAD-77F062697673}"
EndProject
Project("{FAE04EC0-301F-11D3-BF4B-00C04F79EFBC}") = "TaskManager.Tests", "tests\TaskManager.Tests\TaskManager.Tests.csproj", "{A1FBE3EC-E4E9-4054-A48F-2E8EC0239587}"
EndProject
Global
	GlobalSection(SolutionConfigurationPlatforms) = preSolution
		Debug|Any CPU = Debug|Any CPU
		Debug|x64 = Debug|x64
		Debug|x86 = Debug|x86
		Release|Any CPU = Release|Any CPU
		Release|x64 = Release|x64
		Release|x86 = Release|x86
	EndGlobalSection
	GlobalSection(ProjectConfigurationPlatforms) = postSolution
		{816F9E89-7B12-419C-AD63-2AC83BF7AFF7}.Debug|Any CPU.ActiveCfg = Debug|Any CPU
		{816F9E89-7B12-419C-AD63-2AC83BF7AFF7}.Debug|Any CPU.Build.0 = Debug|Any CPU
		{816F9E89-7B12-419C-AD63-2AC83BF7AFF7}.Debug|x64.ActiveCfg = Debug|Any CPU
		{816F9E89-7B12-419C-AD63-2AC83BF7AFF7}.Debug|x64.Build.0 = Debug|Any CPU
		{816F9E89-7B12-419C-AD63-2AC83BF7AFF7}.Debug|x86.ActiveCfg = Debug|Any CPU
		{816F9E89-7B12-419C-AD63-2AC83BF7AFF7}.Debug|x86.Build.0 = Debug|Any CPU
		{816F9E89-7B12-419C-AD63-2AC83BF7AFF7}.Release|Any CPU.ActiveCfg = Release|Any CPU
		{816F9E89-7B12-419C-AD63-2AC83BF7AFF7}.Release|Any CPU.Build.0 = Release|Any CPU
		{816F9E89-7B12-419C-AD63-2AC83BF7AFF7}.Release|x64.ActiveCfg = Release|Any CPU
		{816F9E89-7B12-419C-AD63-2AC83BF7AFF7}.Release|x64.Build.0 = Release|Any CPU
		{816F9E89-7B12-419C-AD63-2AC83BF7AFF7}.Release|x86.ActiveCfg = Release|Any CPU
		{816F9E89-7B12-419C-AD63-2AC83BF7AFF7}.Release|x86.Build.0 = Release|Any CPU
		{75ADED46-54DF-4F8F-BA1B-9E64C54AE4DA}.Debug|Any CPU.ActiveCfg = Debug|Any CPU
		{75ADED46-54DF-4F8F-BA1B-9E64C54AE4DA}.Debug|Any CPU.Build.0 = Debug|Any CPU
		{75ADED46-54DF-4F8F-BA1B-9E64C54AE4DA}.Debug|x64.ActiveCfg = Debug|Any CPU
		{75ADED46-54DF-4F8F-BA1B-9E64C54AE4DA}.Debug|x64.Build.0 = Debug|Any CPU
		{75ADED46-54DF-4F8F-BA1B-9E64C54AE4DA}.Debug|x86.ActiveCfg = Debug|Any CPU
		{75ADED46-54DF-4F8F-BA1B-9E64C54AE4DA}.Debug|x86.Build.0 = Debug|Any CPU
		{75ADED46-54DF-4F8F-BA1B-9E64C54AE4DA}.Release|Any CPU.ActiveCfg = Release|Any CPU
		{75ADED46-54DF-4F8F-BA1B-9E64C54AE4DA}.Release|Any CPU.Build.0 = Release|Any CPU
		{75ADED46-54DF-4F8F-BA1B-9E64C54AE4DA}.Release|x64.ActiveCfg = Release|Any CPU
		{75ADED46-54DF-4F8F-BA1B-9E64C54AE4DA}.Release|x64.Build.0 = Release|Any CPU
		{75ADED46-54DF-4F8F-BA1B-9E64C54AE4DA}.Release|x86.ActiveCfg = Release|Any CPU
		{75ADED46-54DF-4F8F-BA1B-9E64C54AE4DA}.Release|x86.Build.0 = Release|Any CPU
		{4B588D65-A6FB-41BC-B983-C9FC17B7B857}.Debug|Any CPU.ActiveCfg = Debug|Any CPU
		{4B588D65-A6FB-41BC-B983-C9FC17B7B857}.Debug|Any CPU.Build.0 = Debug|Any CPU
		{4B588D65-A6FB-41BC-B983-C9FC17B7B857}.Debug|x64.ActiveCfg = Debug|Any CPU
		{4B588D65-A6FB-41BC-B983-C9FC17B7B857}.Debug|x64.Build.0 = Debug|Any CPU
		{4B588D65-A6FB-41BC-B983-C9FC17B7B857}.Debug|x86.ActiveCfg = Debug|Any CPU
		{4B588D65-A6FB-41BC-B983-C9FC17B7B857}.Debug|x86.Build.0 = Debug|Any CPU
		{4B588D65-A6FB-41BC-B983-C9FC17B7B857}.Release|Any CPU.ActiveCfg = Release|Any CPU
		{4B588D65-A6FB-41BC-B983-C9FC17B7B857}.Release|Any CPU.Build.0 = Release|Any CPU
		{4B588D65-A6FB-41BC-B983-C9FC17B7B857}.Release|x64.ActiveCfg = Release|Any CPU
		{4B588D65-A6FB-41BC-B983-C9FC17B7B857}.Release|x64.Build.0 = Release|Any CPU
		{4B588D65-A6FB-41BC-B983-C9FC17B7B857}.Release|x86.ActiveCfg = Release|Any CPU
		{4B588D65-A6FB-41BC-B983-C9FC17B7B857}.Release|x86.Build.0 = Release|Any CPU
		{C9253003-DBE7-4FA0-AAAD-77F062697673}.Debug|Any CPU.ActiveCfg = Debug|Any CPU
		{C9253003-DBE7-4FA0-AAAD-77F062697673}.Debug|Any CPU.Build.0 = Debug|Any CPU
		{C9253003-DBE7-4FA0-AAAD-77F062697673}.Debug|x64.ActiveCfg = Debug|Any CPU
		{C9253003-DBE7-4FA0-AAAD-77F062697673}.Debug|x64.Build.0 = Debug|Any CPU
		{C9253003-DBE7-4FA0-AAAD-77F062697673}.Debug|x86.ActiveCfg = Debug|Any CPU
		{C9253003-DBE7-4FA0-AAAD-77F062697673}.Debug|x86.Build.0 = Debug|Any CPU
		{C9253003-DBE7-4FA0-AAAD-77F062697673}.Release|Any CPU.ActiveCfg = Release|Any CPU
		{C9253003-DBE7-4FA0-AAAD-77F062697673}.Release|Any CPU.Build.0 = Release|Any CPU
		{C9253003-DBE7-4FA0-AAAD-77F062697673}.Release|x64.ActiveCfg = Release|Any CPU
		{C9253003-DBE7-4FA0-AAAD-77F062697673}.Release|x64.Build.0 = Release|Any CPU
		{C9253003-DBE7-4FA0-AAAD-77F062697673}.Release|x86.ActiveCfg = Release|Any CPU
		{C9253003-DBE7-4FA0-AAAD-77F062697673}.Release|x86.Build.0 = Release|Any CPU
		{A1FBE3EC-E4E9-4054-A48F-2E8EC0239587}.Debug|Any CPU.ActiveCfg = Debug|Any CPU
		{A1FBE3EC-E4E9-4054-A48F-2E8EC0239587}.Debug|Any CPU.Build.0 = Debug|Any CPU
		{A1FBE3EC-E4E9-4054-A48F-2E8EC0239587}.Debug|x64.ActiveCfg = Debug|Any CPU
		{A1FBE3EC-E4E9-4054-A48F-2E8EC0239587}.Debug|x64.Build.0 = Debug|Any CPU
		{A1FBE3EC-E4E9-4054-A48F-2E8EC0239587}.Debug|x86.ActiveCfg = Debug|Any CPU
		{A1FBE3EC-E4E9-4054-A48F-2E8EC0239587}.Debug|x86.Build.0 = Debug|Any CPU
		{A1FBE3EC-E4E9-4054-A48F-2E8EC0239587}.Release|Any CPU.ActiveCfg = Release|Any CPU
		{A1FBE3EC-E4E9-4054-A48F-2E8EC0239587}.Release|Any CPU.Build.0 = Release|Any CPU
		{A1FBE3EC-E4E9-4054-A48F-2E8EC0239587}.Release|x64.ActiveCfg = Release|Any CPU
		{A1FBE3EC-E4E9-4054-A48F-2E8EC0239587}.Release|x64.Build.0 = Release|Any CPU
		{A1FBE3EC-E4E9-4054-A48F-2E8EC0239587}.Release|x86.ActiveCfg = Release|Any CPU
		{A1FBE3EC-E4E9-4054-A48F-2E8EC0239587}.Release|x86.Build.0 = Release|Any CPU
	EndGlobalSection
	GlobalSection(SolutionProperties) = preSolution
		HideSolutionNode = FALSE
	EndGlobalSection
	GlobalSection(NestedProjects) = preSolution
		{816F9E89-7B12-419C-AD63-2AC83BF7AFF7} = {827E0CD3-B72D-47B6-A68D-7590B98EB39B}
		{75ADED46-54DF-4F8F-BA1B-9E64C54AE4DA} = {827E0CD3-B72D-47B6-A68D-7590B98EB39B}
		{4B588D65-A6FB-41BC-B983-C9FC17B7B857} = {827E0CD3-B72D-47B6-A68D-7590B98EB39B}
		{C9253003-DBE7-4FA0-AAAD-77F062697673} = {827E0CD3-B72D-47B6-A68D-7590B98EB39B}
		{A1FBE3EC-E4E9-4054-A48F-2E8EC0239587} = {827E0CD3-B72D-47B6-A68D-7590B98EB39B}
	EndGlobalSection
EndGlobal
